
Microsoft Visual Studio Solution File, Format Version 12.00
# Visual Studio 2013
VisualStudioVersion = 12.0.30501.0
MinimumVisualStudioVersion = 10.0.40219.1
Project("{8BC9CEB8-8B4A-11D0-8D11-00A0C91BC942}") = "ConsoleApplication5", "ConsoleApplication5.vcxproj", "{AA6B9D3C-AC91-4A11-AACE-86150CE53FB6}"
EndProject
Project("{8BC9CEB8-8B4A-11D0-8D11-00A0C91BC942}") = "Asobo-2", "..\Asobo-2\Asobo-2.vcxproj", "{AE9570CA-FA4B-4FBA-9BDF-09194E9D0D9B}"
EndProject
Global
	GlobalSection(SolutionConfigurationPlatforms) = preSolution
		Debug|Win32 = Debug|Win32
		Release|Win32 = Release|Win32
	EndGlobalSection
	GlobalSection(ProjectConfigurationPlatforms) = postSolution
		{AA6B9D3C-AC91-4A11-AACE-86150CE53FB6}.Debug|Win32.ActiveCfg = Debug|Win32
		{AA6B9D3C-AC91-4A11-AACE-86150CE53FB6}.Debug|Win32.Build.0 = Debug|Win32
		{AA6B9D3C-AC91-4A11-AACE-86150CE53FB6}.Release|Win32.ActiveCfg = Release|Win32
		{AA6B9D3C-AC91-4A11-AACE-86150CE53FB6}.Release|Win32.Build.0 = Release|Win32
		{AE9570CA-FA4B-4FBA-9BDF-09194E9D0D9B}.Debug|Win32.ActiveCfg = Debug|Win32
		{AE9570CA-FA4B-4FBA-9BDF-09194E9D0D9B}.Debug|Win32.Build.0 = Debug|Win32
		{AE9570CA-FA4B-4FBA-9BDF-09194E9D0D9B}.Release|Win32.ActiveCfg = Release|Win32
		{AE9570CA-FA4B-4FBA-9BDF-09194E9D0D9B}.Release|Win32.Build.0 = Release|Win32
	EndGlobalSection
	GlobalSection(SolutionProperties) = preSolution
		HideSolutionNode = FALSE
	EndGlobalSection
	GlobalSection(Performance) = preSolution
		HasPerformanceSessions = true
	EndGlobalSection
EndGlobal
